// !$*UTF8*$!
{
	archiveVersion = 1;
	classes = {
	};
	objectVersion = 50;
	objects = {

/* Begin PBXBuildFile section */
		A052E542238B3DFD00889C42 /* Pantry.swift in Sources */ = {isa = PBXBuildFile; fileRef = A052E541238B3DFD00889C42 /* Pantry.swift */; };
		A08B84FC238B3191002A37DD /* LoadingOverlay.swift in Sources */ = {isa = PBXBuildFile; fileRef = A08B84FB238B3191002A37DD /* LoadingOverlay.swift */; };
		A08B84FF238B33FE002A37DD /* GitHubPantryProvider.swift in Sources */ = {isa = PBXBuildFile; fileRef = A08B84FE238B33FE002A37DD /* GitHubPantryProvider.swift */; };
		A0CB6CF123E9067E00EBA68B /* PantryListViewController.swift in Sources */ = {isa = PBXBuildFile; fileRef = A0CB6CF023E9067E00EBA68B /* PantryListViewController.swift */; };
		A0CB6CF623E907DD00EBA68B /* PantryDetailViewController.swift in Sources */ = {isa = PBXBuildFile; fileRef = A0CB6CF423E907DD00EBA68B /* PantryDetailViewController.swift */; };
		A0CB6CF723E907DD00EBA68B /* PantryDetailViewController.xib in Resources */ = {isa = PBXBuildFile; fileRef = A0CB6CF523E907DD00EBA68B /* PantryDetailViewController.xib */; };
		A0F58FD523FCE61C00B2546C /* AboutViewController.swift in Sources */ = {isa = PBXBuildFile; fileRef = A0F58FD423FCE61C00B2546C /* AboutViewController.swift */; };
		A41DFBC120CB960A00A9014F /* AppDelegate.swift in Sources */ = {isa = PBXBuildFile; fileRef = A41DFBC020CB960A00A9014F /* AppDelegate.swift */; };
		A41DFBC820CB960B00A9014F /* Assets.xcassets in Resources */ = {isa = PBXBuildFile; fileRef = A41DFBC720CB960B00A9014F /* Assets.xcassets */; };
		A41DFBCB20CB960B00A9014F /* LaunchScreen.storyboard in Resources */ = {isa = PBXBuildFile; fileRef = A41DFBC920CB960B00A9014F /* LaunchScreen.storyboard */; };
		A42B44B820D089FD001C67A7 /* Localizable.strings in Resources */ = {isa = PBXBuildFile; fileRef = A42B44BA20D089FD001C67A7 /* Localizable.strings */; };
		A44ADEBB20CC5994000154A6 /* PantryTableViewCell.swift in Sources */ = {isa = PBXBuildFile; fileRef = A44ADEB920CC5994000154A6 /* PantryTableViewCell.swift */; };
		A44ADEBC20CC5994000154A6 /* PantryTableViewCell.xib in Resources */ = {isa = PBXBuildFile; fileRef = A44ADEBA20CC5994000154A6 /* PantryTableViewCell.xib */; };
		A48ECF1820F55F58003A3A11 /* PantryMapViewController.swift in Sources */ = {isa = PBXBuildFile; fileRef = A48ECF1620F55F58003A3A11 /* PantryMapViewController.swift */; };
/* End PBXBuildFile section */

/* Begin PBXFileReference section */
		A052E541238B3DFD00889C42 /* Pantry.swift */ = {isa = PBXFileReference; lastKnownFileType = sourcecode.swift; path = Pantry.swift; sourceTree = "<group>"; };
		A08B84FB238B3191002A37DD /* LoadingOverlay.swift */ = {isa = PBXFileReference; lastKnownFileType = sourcecode.swift; path = LoadingOverlay.swift; sourceTree = "<group>"; };
		A08B84FE238B33FE002A37DD /* GitHubPantryProvider.swift */ = {isa = PBXFileReference; lastKnownFileType = sourcecode.swift; path = GitHubPantryProvider.swift; sourceTree = "<group>"; };
		A0CB6CF023E9067E00EBA68B /* PantryListViewController.swift */ = {isa = PBXFileReference; fileEncoding = 4; lastKnownFileType = sourcecode.swift; path = PantryListViewController.swift; sourceTree = "<group>"; };
		A0CB6CF423E907DD00EBA68B /* PantryDetailViewController.swift */ = {isa = PBXFileReference; lastKnownFileType = sourcecode.swift; path = PantryDetailViewController.swift; sourceTree = "<group>"; };
		A0CB6CF523E907DD00EBA68B /* PantryDetailViewController.xib */ = {isa = PBXFileReference; lastKnownFileType = file.xib; path = PantryDetailViewController.xib; sourceTree = "<group>"; };
		A0F58FD423FCE61C00B2546C /* AboutViewController.swift */ = {isa = PBXFileReference; lastKnownFileType = sourcecode.swift; path = AboutViewController.swift; sourceTree = "<group>"; };
		A41DFBBD20CB960A00A9014F /* Durham Food.app */ = {isa = PBXFileReference; explicitFileType = wrapper.application; includeInIndex = 0; path = "Durham Food.app"; sourceTree = BUILT_PRODUCTS_DIR; };
		A41DFBC020CB960A00A9014F /* AppDelegate.swift */ = {isa = PBXFileReference; fileEncoding = 4; lastKnownFileType = sourcecode.swift; path = AppDelegate.swift; sourceTree = "<group>"; };
		A41DFBC720CB960B00A9014F /* Assets.xcassets */ = {isa = PBXFileReference; lastKnownFileType = folder.assetcatalog; path = Assets.xcassets; sourceTree = "<group>"; };
		A41DFBCA20CB960B00A9014F /* Base */ = {isa = PBXFileReference; lastKnownFileType = file.storyboard; name = Base; path = Base.lproj/LaunchScreen.storyboard; sourceTree = "<group>"; };
		A42B44B920D089FD001C67A7 /* en */ = {isa = PBXFileReference; lastKnownFileType = text.plist.strings; name = en; path = en.lproj/Localizable.strings; sourceTree = "<group>"; };
		A42B44BB20D08A22001C67A7 /* es-419 */ = {isa = PBXFileReference; lastKnownFileType = text.plist.strings; name = "es-419"; path = "es-419.lproj/Localizable.strings"; sourceTree = "<group>"; };
		A42B44BD20D08A22001C67A7 /* es-419 */ = {isa = PBXFileReference; lastKnownFileType = text.plist.strings; name = "es-419"; path = "es-419.lproj/LaunchScreen.strings"; sourceTree = "<group>"; };
		A42B44C320D091B8001C67A7 /* Info.plist */ = {isa = PBXFileReference; fileEncoding = 4; lastKnownFileType = text.plist.xml; path = Info.plist; sourceTree = "<group>"; };
		A44ADEB920CC5994000154A6 /* PantryTableViewCell.swift */ = {isa = PBXFileReference; lastKnownFileType = sourcecode.swift; path = PantryTableViewCell.swift; sourceTree = "<group>"; };
		A44ADEBA20CC5994000154A6 /* PantryTableViewCell.xib */ = {isa = PBXFileReference; lastKnownFileType = file.xib; path = PantryTableViewCell.xib; sourceTree = "<group>"; };
		A48ECF1620F55F58003A3A11 /* PantryMapViewController.swift */ = {isa = PBXFileReference; lastKnownFileType = sourcecode.swift; path = PantryMapViewController.swift; sourceTree = "<group>"; };
/* End PBXFileReference section */

/* Begin PBXFrameworksBuildPhase section */
		A41DFBBA20CB960A00A9014F /* Frameworks */ = {
			isa = PBXFrameworksBuildPhase;
			buildActionMask = 2147483647;
			files = (
			);
			runOnlyForDeploymentPostprocessing = 0;
		};
/* End PBXFrameworksBuildPhase section */

/* Begin PBXGroup section */
		2EA14C783400BB7D6676A018 /* Pods */ = {
			isa = PBXGroup;
			children = (
			);
			path = Pods;
			sourceTree = "<group>";
		};
		A052E540238B3DF000889C42 /* Models */ = {
			isa = PBXGroup;
			children = (
				A052E541238B3DFD00889C42 /* Pantry.swift */,
			);
			path = Models;
			sourceTree = "<group>";
		};
		A08B84FA238B3093002A37DD /* Views */ = {
			isa = PBXGroup;
			children = (
				A44ADEB920CC5994000154A6 /* PantryTableViewCell.swift */,
				A44ADEBA20CC5994000154A6 /* PantryTableViewCell.xib */,
				A08B84FB238B3191002A37DD /* LoadingOverlay.swift */,
			);
			path = Views;
			sourceTree = "<group>";
		};
		A08B84FD238B33EB002A37DD /* Providers */ = {
			isa = PBXGroup;
			children = (
				A08B84FE238B33FE002A37DD /* GitHubPantryProvider.swift */,
			);
			path = Providers;
			sourceTree = "<group>";
		};
		A08B8502238B3484002A37DD /* ViewControllers */ = {
			isa = PBXGroup;
			children = (
				A48ECF1620F55F58003A3A11 /* PantryMapViewController.swift */,
				A0CB6CF023E9067E00EBA68B /* PantryListViewController.swift */,
				A0CB6CF423E907DD00EBA68B /* PantryDetailViewController.swift */,
				A0CB6CF523E907DD00EBA68B /* PantryDetailViewController.xib */,
				A0F58FD423FCE61C00B2546C /* AboutViewController.swift */,
			);
			path = ViewControllers;
			sourceTree = "<group>";
		};
		A41DFBB420CB960A00A9014F = {
			isa = PBXGroup;
			children = (
				A41DFBBF20CB960A00A9014F /* Pantries */,
				A41DFBBE20CB960A00A9014F /* Products */,
				2EA14C783400BB7D6676A018 /* Pods */,
			);
			sourceTree = "<group>";
		};
		A41DFBBE20CB960A00A9014F /* Products */ = {
			isa = PBXGroup;
			children = (
				A41DFBBD20CB960A00A9014F /* Durham Food.app */,
			);
			name = Products;
			sourceTree = "<group>";
		};
		A41DFBBF20CB960A00A9014F /* Pantries */ = {
			isa = PBXGroup;
			children = (
				A41DFBC020CB960A00A9014F /* AppDelegate.swift */,
				A052E540238B3DF000889C42 /* Models */,
				A08B84FD238B33EB002A37DD /* Providers */,
				A08B8502238B3484002A37DD /* ViewControllers */,
				A08B84FA238B3093002A37DD /* Views */,
				A41DFBC720CB960B00A9014F /* Assets.xcassets */,
				A41DFBC920CB960B00A9014F /* LaunchScreen.storyboard */,
				A42B44C320D091B8001C67A7 /* Info.plist */,
				A42B44BA20D089FD001C67A7 /* Localizable.strings */,
			);
			path = Pantries;
			sourceTree = "<group>";
		};
/* End PBXGroup section */

/* Begin PBXNativeTarget section */
		A41DFBBC20CB960A00A9014F /* Pantries */ = {
			isa = PBXNativeTarget;
			buildConfigurationList = A41DFBCF20CB960B00A9014F /* Build configuration list for PBXNativeTarget "Pantries" */;
			buildPhases = (
				A41DFBB920CB960A00A9014F /* Sources */,
				A41DFBBA20CB960A00A9014F /* Frameworks */,
				A41DFBBB20CB960A00A9014F /* Resources */,
			);
			buildRules = (
			);
			dependencies = (
			);
			name = Pantries;
			productName = Pantries;
			productReference = A41DFBBD20CB960A00A9014F /* Durham Food.app */;
			productType = "com.apple.product-type.application";
		};
/* End PBXNativeTarget section */

/* Begin PBXProject section */
		A41DFBB520CB960A00A9014F /* Project object */ = {
			isa = PBXProject;
			attributes = {
				LastSwiftUpdateCheck = 0940;
				LastUpgradeCheck = 0940;
				ORGANIZATIONNAME = "End Hunger Durham";
				TargetAttributes = {
					A41DFBBC20CB960A00A9014F = {
						CreatedOnToolsVersion = 9.4;
						LastSwiftMigration = 1110;
					};
				};
			};
			buildConfigurationList = A41DFBB820CB960A00A9014F /* Build configuration list for PBXProject "Pantries" */;
			compatibilityVersion = "Xcode 9.3";
			developmentRegion = en;
			hasScannedForEncodings = 0;
			knownRegions = (
				en,
				Base,
				"es-419",
			);
			mainGroup = A41DFBB420CB960A00A9014F;
			productRefGroup = A41DFBBE20CB960A00A9014F /* Products */;
			projectDirPath = "";
			projectRoot = "";
			targets = (
				A41DFBBC20CB960A00A9014F /* Pantries */,
			);
		};
/* End PBXProject section */

/* Begin PBXResourcesBuildPhase section */
		A41DFBBB20CB960A00A9014F /* Resources */ = {
			isa = PBXResourcesBuildPhase;
			buildActionMask = 2147483647;
			files = (
				A41DFBCB20CB960B00A9014F /* LaunchScreen.storyboard in Resources */,
				A41DFBC820CB960B00A9014F /* Assets.xcassets in Resources */,
				A42B44B820D089FD001C67A7 /* Localizable.strings in Resources */,
				A0CB6CF723E907DD00EBA68B /* PantryDetailViewController.xib in Resources */,
				A44ADEBC20CC5994000154A6 /* PantryTableViewCell.xib in Resources */,
			);
			runOnlyForDeploymentPostprocessing = 0;
		};
/* End PBXResourcesBuildPhase section */

/* Begin PBXSourcesBuildPhase section */
		A41DFBB920CB960A00A9014F /* Sources */ = {
			isa = PBXSourcesBuildPhase;
			buildActionMask = 2147483647;
			files = (
				A052E542238B3DFD00889C42 /* Pantry.swift in Sources */,
				A0CB6CF623E907DD00EBA68B /* PantryDetailViewController.swift in Sources */,
				A08B84FF238B33FE002A37DD /* GitHubPantryProvider.swift in Sources */,
				A0F58FD523FCE61C00B2546C /* AboutViewController.swift in Sources */,
				A0CB6CF123E9067E00EBA68B /* PantryListViewController.swift in Sources */,
				A08B84FC238B3191002A37DD /* LoadingOverlay.swift in Sources */,
				A44ADEBB20CC5994000154A6 /* PantryTableViewCell.swift in Sources */,
				A41DFBC120CB960A00A9014F /* AppDelegate.swift in Sources */,
				A48ECF1820F55F58003A3A11 /* PantryMapViewController.swift in Sources */,
			);
			runOnlyForDeploymentPostprocessing = 0;
		};
/* End PBXSourcesBuildPhase section */

/* Begin PBXVariantGroup section */
		A41DFBC920CB960B00A9014F /* LaunchScreen.storyboard */ = {
			isa = PBXVariantGroup;
			children = (
				A41DFBCA20CB960B00A9014F /* Base */,
				A42B44BD20D08A22001C67A7 /* es-419 */,
			);
			name = LaunchScreen.storyboard;
			sourceTree = "<group>";
		};
		A42B44BA20D089FD001C67A7 /* Localizable.strings */ = {
			isa = PBXVariantGroup;
			children = (
				A42B44B920D089FD001C67A7 /* en */,
				A42B44BB20D08A22001C67A7 /* es-419 */,
			);
			name = Localizable.strings;
			sourceTree = "<group>";
		};
/* End PBXVariantGroup section */

/* Begin XCBuildConfiguration section */
		A41DFBCD20CB960B00A9014F /* Debug */ = {
			isa = XCBuildConfiguration;
			buildSettings = {
				ALWAYS_SEARCH_USER_PATHS = NO;
				CLANG_ANALYZER_LOCALIZABILITY_NONLOCALIZED = YES;
				CLANG_ANALYZER_NONNULL = YES;
				CLANG_ANALYZER_NUMBER_OBJECT_CONVERSION = YES_AGGRESSIVE;
				CLANG_CXX_LANGUAGE_STANDARD = "gnu++14";
				CLANG_CXX_LIBRARY = "libc++";
				CLANG_ENABLE_MODULES = YES;
				CLANG_ENABLE_OBJC_ARC = YES;
				CLANG_ENABLE_OBJC_WEAK = YES;
				CLANG_WARN_BLOCK_CAPTURE_AUTORELEASING = YES;
				CLANG_WARN_BOOL_CONVERSION = YES;
				CLANG_WARN_COMMA = YES;
				CLANG_WARN_CONSTANT_CONVERSION = YES;
				CLANG_WARN_DEPRECATED_OBJC_IMPLEMENTATIONS = YES;
				CLANG_WARN_DIRECT_OBJC_ISA_USAGE = YES_ERROR;
				CLANG_WARN_DOCUMENTATION_COMMENTS = YES;
				CLANG_WARN_EMPTY_BODY = YES;
				CLANG_WARN_ENUM_CONVERSION = YES;
				CLANG_WARN_INFINITE_RECURSION = YES;
				CLANG_WARN_INT_CONVERSION = YES;
				CLANG_WARN_NON_LITERAL_NULL_CONVERSION = YES;
				CLANG_WARN_OBJC_IMPLICIT_RETAIN_SELF = YES;
				CLANG_WARN_OBJC_LITERAL_CONVERSION = YES;
				CLANG_WARN_OBJC_ROOT_CLASS = YES_ERROR;
				CLANG_WARN_RANGE_LOOP_ANALYSIS = YES;
				CLANG_WARN_STRICT_PROTOTYPES = YES;
				CLANG_WARN_SUSPICIOUS_MOVE = YES;
				CLANG_WARN_UNGUARDED_AVAILABILITY = YES_AGGRESSIVE;
				CLANG_WARN_UNREACHABLE_CODE = YES;
				CLANG_WARN__DUPLICATE_METHOD_MATCH = YES;
				CODE_SIGN_IDENTITY = "iPhone Developer";
				COPY_PHASE_STRIP = NO;
				DEBUG_INFORMATION_FORMAT = dwarf;
				ENABLE_STRICT_OBJC_MSGSEND = YES;
				ENABLE_TESTABILITY = YES;
				GCC_C_LANGUAGE_STANDARD = gnu11;
				GCC_DYNAMIC_NO_PIC = NO;
				GCC_NO_COMMON_BLOCKS = YES;
				GCC_OPTIMIZATION_LEVEL = 0;
				GCC_PREPROCESSOR_DEFINITIONS = (
					"DEBUG=1",
					"$(inherited)",
				);
				GCC_WARN_64_TO_32_BIT_CONVERSION = YES;
				GCC_WARN_ABOUT_RETURN_TYPE = YES_ERROR;
				GCC_WARN_UNDECLARED_SELECTOR = YES;
				GCC_WARN_UNINITIALIZED_AUTOS = YES_AGGRESSIVE;
				GCC_WARN_UNUSED_FUNCTION = YES;
				GCC_WARN_UNUSED_VARIABLE = YES;
				IPHONEOS_DEPLOYMENT_TARGET = 11.4;
				MTL_ENABLE_DEBUG_INFO = YES;
				ONLY_ACTIVE_ARCH = YES;
				SDKROOT = iphoneos;
				SWIFT_ACTIVE_COMPILATION_CONDITIONS = DEBUG;
				SWIFT_OPTIMIZATION_LEVEL = "-Onone";
			};
			name = Debug;
		};
		A41DFBCE20CB960B00A9014F /* Release */ = {
			isa = XCBuildConfiguration;
			buildSettings = {
				ALWAYS_SEARCH_USER_PATHS = NO;
				CLANG_ANALYZER_LOCALIZABILITY_NONLOCALIZED = YES;
				CLANG_ANALYZER_NONNULL = YES;
				CLANG_ANALYZER_NUMBER_OBJECT_CONVERSION = YES_AGGRESSIVE;
				CLANG_CXX_LANGUAGE_STANDARD = "gnu++14";
				CLANG_CXX_LIBRARY = "libc++";
				CLANG_ENABLE_MODULES = YES;
				CLANG_ENABLE_OBJC_ARC = YES;
				CLANG_ENABLE_OBJC_WEAK = YES;
				CLANG_WARN_BLOCK_CAPTURE_AUTORELEASING = YES;
				CLANG_WARN_BOOL_CONVERSION = YES;
				CLANG_WARN_COMMA = YES;
				CLANG_WARN_CONSTANT_CONVERSION = YES;
				CLANG_WARN_DEPRECATED_OBJC_IMPLEMENTATIONS = YES;
				CLANG_WARN_DIRECT_OBJC_ISA_USAGE = YES_ERROR;
				CLANG_WARN_DOCUMENTATION_COMMENTS = YES;
				CLANG_WARN_EMPTY_BODY = YES;
				CLANG_WARN_ENUM_CONVERSION = YES;
				CLANG_WARN_INFINITE_RECURSION = YES;
				CLANG_WARN_INT_CONVERSION = YES;
				CLANG_WARN_NON_LITERAL_NULL_CONVERSION = YES;
				CLANG_WARN_OBJC_IMPLICIT_RETAIN_SELF = YES;
				CLANG_WARN_OBJC_LITERAL_CONVERSION = YES;
				CLANG_WARN_OBJC_ROOT_CLASS = YES_ERROR;
				CLANG_WARN_RANGE_LOOP_ANALYSIS = YES;
				CLANG_WARN_STRICT_PROTOTYPES = YES;
				CLANG_WARN_SUSPICIOUS_MOVE = YES;
				CLANG_WARN_UNGUARDED_AVAILABILITY = YES_AGGRESSIVE;
				CLANG_WARN_UNREACHABLE_CODE = YES;
				CLANG_WARN__DUPLICATE_METHOD_MATCH = YES;
				CODE_SIGN_IDENTITY = "iPhone Developer";
				COPY_PHASE_STRIP = NO;
				DEBUG_INFORMATION_FORMAT = "dwarf-with-dsym";
				ENABLE_NS_ASSERTIONS = NO;
				ENABLE_STRICT_OBJC_MSGSEND = YES;
				GCC_C_LANGUAGE_STANDARD = gnu11;
				GCC_NO_COMMON_BLOCKS = YES;
				GCC_WARN_64_TO_32_BIT_CONVERSION = YES;
				GCC_WARN_ABOUT_RETURN_TYPE = YES_ERROR;
				GCC_WARN_UNDECLARED_SELECTOR = YES;
				GCC_WARN_UNINITIALIZED_AUTOS = YES_AGGRESSIVE;
				GCC_WARN_UNUSED_FUNCTION = YES;
				GCC_WARN_UNUSED_VARIABLE = YES;
				IPHONEOS_DEPLOYMENT_TARGET = 11.4;
				MTL_ENABLE_DEBUG_INFO = NO;
				SDKROOT = iphoneos;
				SWIFT_COMPILATION_MODE = wholemodule;
				SWIFT_OPTIMIZATION_LEVEL = "-O";
				VALIDATE_PRODUCT = YES;
			};
			name = Release;
		};
		A41DFBD020CB960B00A9014F /* Debug */ = {
			isa = XCBuildConfiguration;
			buildSettings = {
				ASSETCATALOG_COMPILER_APPICON_NAME = AppIcon;
				CODE_SIGN_STYLE = Automatic;
				DEVELOPMENT_TEAM = 39TR9YNAJ4;
				INFOPLIST_FILE = Pantries/Info.plist;
				IPHONEOS_DEPLOYMENT_TARGET = 10.0;
				LD_RUNPATH_SEARCH_PATHS = (
					"$(inherited)",
					"@executable_path/Frameworks",
				);
				PRODUCT_BUNDLE_IDENTIFIER = "org.endhungerdurham.pantries-app";
				PRODUCT_NAME = "Durham Food";
				SWIFT_VERSION = 5.0;
				TARGETED_DEVICE_FAMILY = 1;
			};
			name = Debug;
		};
		A41DFBD120CB960B00A9014F /* Release */ = {
			isa = XCBuildConfiguration;
			buildSettings = {
				ASSETCATALOG_COMPILER_APPICON_NAME = AppIcon;
				CODE_SIGN_STYLE = Automatic;
				DEVELOPMENT_TEAM = 39TR9YNAJ4;
				INFOPLIST_FILE = Pantries/Info.plist;
				IPHONEOS_DEPLOYMENT_TARGET = 10.0;
				LD_RUNPATH_SEARCH_PATHS = (
					"$(inherited)",
					"@executable_path/Frameworks",
				);
				PRODUCT_BUNDLE_IDENTIFIER = "org.endhungerdurham.pantries-app";
				PRODUCT_NAME = "Durham Food";
				SWIFT_VERSION = 5.0;
				TARGETED_DEVICE_FAMILY = 1;
			};
			name = Release;
		};
/* End XCBuildConfiguration section */

/* Begin XCConfigurationList section */
		A41DFBB820CB960A00A9014F /* Build configuration list for PBXProject "Pantries" */ = {
			isa = XCConfigurationList;
			buildConfigurations = (
				A41DFBCD20CB960B00A9014F /* Debug */,
				A41DFBCE20CB960B00A9014F /* Release */,
			);
			defaultConfigurationIsVisible = 0;
			defaultConfigurationName = Release;
		};
		A41DFBCF20CB960B00A9014F /* Build configuration list for PBXNativeTarget "Pantries" */ = {
			isa = XCConfigurationList;
			buildConfigurations = (
				A41DFBD020CB960B00A9014F /* Debug */,
				A41DFBD120CB960B00A9014F /* Release */,
			);
			defaultConfigurationIsVisible = 0;
			defaultConfigurationName = Release;
		};
/* End XCConfigurationList section */
	};
	rootObject = A41DFBB520CB960A00A9014F /* Project object */;
}
